
Microsoft Visual Studio Solution File, Format Version 12.00
# Visual Studio 15
VisualStudioVersion = 15.0.28307.271
MinimumVisualStudioVersion = 10.0.40219.1
Project("{FAE04EC0-301F-11D3-BF4B-00C04F79EFBC}") = "Chess", "Chess\Chess.csproj", "{630765D2-4CCD-4850-B8EC-6B18FD09AD17}"
EndProject
Global
	GlobalSection(SolutionConfigurationPlatforms) = preSolution
		Debug|Any CPU = Debug|Any CPU
		Release|Any CPU = Release|Any CPU
	EndGlobalSection
	GlobalSection(ProjectConfigurationPlatforms) = postSolution
		{630765D2-4CCD-4850-B8EC-6B18FD09AD17}.Debug|Any CPU.ActiveCfg = Debug|Any CPU
		{630765D2-4CCD-4850-B8EC-6B18FD09AD17}.Debug|Any CPU.Build.0 = Debug|Any CPU
		{630765D2-4CCD-4850-B8EC-6B18FD09AD17}.Release|Any CPU.ActiveCfg = Release|Any CPU
		{630765D2-4CCD-4850-B8EC-6B18FD09AD17}.Release|Any CPU.Build.0 = Release|Any CPU
	EndGlobalSection
	GlobalSection(SolutionProperties) = preSolution
		HideSolutionNode = FALSE
	EndGlobalSection
	GlobalSection(ExtensibilityGlobals) = postSolution
		SolutionGuid = {648DFFCE-0B1B-41E5-A28F-1E752237B7F1}
	EndGlobalSection
EndGlobal
